
Microsoft Visual Studio Solution File, Format Version 12.00
# Visual Studio Version 16
VisualStudioVersion = 16.0.29728.190
MinimumVisualStudioVersion = 10.0.40219.1
Project("{FAE04EC0-301F-11D3-BF4B-00C04F79EFBC}") = "HandoverManagerApp", "handovermgr\HandoverManagerApp.csproj", "{7C64E5A7-024C-4BA6-A905-57E4AB4B6E70}"
EndProject
Project("{FAE04EC0-301F-11D3-BF4B-00C04F79EFBC}") = "HandoverAlgorithms", "HandoverAlgorithmBase\HandoverAlgorithms.csproj", "{EDD47BC7-04ED-4504-94CC-8884762EFE13}"
EndProject
Project("{FAE04EC0-301F-11D3-BF4B-00C04F79EFBC}") = "MathTools", "MathTools\MathTools.csproj", "{112835D9-0FF0-4126-9490-0130759D85E7}"
EndProject
Project("{FAE04EC0-301F-11D3-BF4B-00C04F79EFBC}") = "RadioNetworks", "RadioNetworks\RadioNetworks.csproj", "{8B6DB4AA-C274-41F2-8481-771A2AB7AAD2}"
EndProject
Project("{FAE04EC0-301F-11D3-BF4B-00C04F79EFBC}") = "FileReaders", "FileReaders\FileReaders.csproj", "{EB20C56D-A44F-4B7C-B4B1-BA3DA787D4FC}"
EndProject
Project("{FAE04EC0-301F-11D3-BF4B-00C04F79EFBC}") = "Logger", "Logger\Logger.csproj", "{E80D676E-58FB-4063-8B80-90C6E52911D4}"
EndProject
Project("{2150E333-8FDC-42A3-9474-1A3956D46DE8}") = "API", "API", "{DB8E696F-249F-42DC-961E-25B1533083DD}"
EndProject
Project("{2150E333-8FDC-42A3-9474-1A3956D46DE8}") = "Views", "Views", "{6889DE50-C9A7-41E0-AD61-D9E47D98220B}"
EndProject
Project("{2150E333-8FDC-42A3-9474-1A3956D46DE8}") = "HandoverAlgorihms", "HandoverAlgorihms", "{02D97DCF-A527-4266-8A51-A26DCBEFAE77}"
EndProject
Project("{2150E333-8FDC-42A3-9474-1A3956D46DE8}") = "Utils", "Utils", "{DD19DEDE-DBB5-4ABD-AD1B-EF47312424D0}"
EndProject
Project("{2150E333-8FDC-42A3-9474-1A3956D46DE8}") = "MathTools", "MathTools", "{624FA4E5-A1C2-4F3C-8B08-25EAF9BA7404}"
EndProject
Project("{2150E333-8FDC-42A3-9474-1A3956D46DE8}") = "Models", "Models", "{F1E91A74-8279-4695-A037-FA9D41025768}"
EndProject
Project("{2150E333-8FDC-42A3-9474-1A3956D46DE8}") = "RadioNetworks", "RadioNetworks", "{BCEA2C0C-E8DE-470F-BEDD-804CD43E919B}"
EndProject
Project("{FAE04EC0-301F-11D3-BF4B-00C04F79EFBC}") = "ProfileManager", "Profiler\ProfileManager.csproj", "{59553FBF-92A7-4CBF-A60B-84846AC08A8C}"
EndProject
Project("{2150E333-8FDC-42A3-9474-1A3956D46DE8}") = "Assets", "Assets", "{91884E09-60B9-4F66-8CB6-243AF3C20627}"
	ProjectSection(SolutionItems) = preProject
		FileReaders\inputNetworks.txt = FileReaders\inputNetworks.txt
		userProfiles.txt = userProfiles.txt
	EndProjectSection
EndProject
Project("{2150E333-8FDC-42A3-9474-1A3956D46DE8}") = "ViewModels", "ViewModels", "{10CD80AC-F75A-4825-AB58-7C8D2CBE4FCC}"
EndProject
Project("{FAE04EC0-301F-11D3-BF4B-00C04F79EFBC}") = "ViewModels", "ViewModels\ViewModels.csproj", "{9925D854-F8F5-484D-B61C-9E0A9703A4F4}"
EndProject
Project("{2150E333-8FDC-42A3-9474-1A3956D46DE8}") = "NetworkMonitor", "NetworkMonitor", "{92E7B795-5B10-4394-88D6-D13DB10DDCE9}"
EndProject
Project("{FAE04EC0-301F-11D3-BF4B-00C04F79EFBC}") = "NetworkMonitors", "NetworkMonitor\NetworkMonitors.csproj", "{A67786E7-7E88-4548-BCC3-6E895B120FC7}"
EndProject
Project("{FAE04EC0-301F-11D3-BF4B-00C04F79EFBC}") = "NetworkManager", "NetworkManager\NetworkManager.csproj", "{6601CADD-9426-46CC-ACC9-FB3BB3A0C549}"
EndProject
Project("{2150E333-8FDC-42A3-9474-1A3956D46DE8}") = "HuaweiAPI", "HuaweiAPI", "{83B31BE0-6E8C-4827-915B-B362BBEF87AF}"
EndProject
Project("{FAE04EC0-301F-11D3-BF4B-00C04F79EFBC}") = "HuaweiWebAPI", "HuaweiWebAPI\HuaweiWebAPI.csproj", "{4B402E3B-DA63-427F-9BE4-0188D76EE903}"
EndProject
Project("{2150E333-8FDC-42A3-9474-1A3956D46DE8}") = "Serializers", "Serializers", "{F0AE4AF1-0E44-4CCD-AEE4-0CEAA2A41DB9}"
EndProject
Project("{FAE04EC0-301F-11D3-BF4B-00C04F79EFBC}") = "Serializers", "Serializers\Serializers.csproj", "{91EBFF46-B522-4734-917A-E9DEB4C28A46}"
EndProject
Project("{FAE04EC0-301F-11D3-BF4B-00C04F79EFBC}") = "ExcelLogger", "ExcelLogger\ExcelLogger.csproj", "{6747ED1B-8286-4EE4-87C1-FA7271851A29}"
EndProject
Project("{FAE04EC0-301F-11D3-BF4B-00C04F79EFBC}") = "NetTool", "NetTool\NetTool.csproj", "{1D85113F-AE5E-451B-B15C-B92E974A4921}"
EndProject
Project("{2150E333-8FDC-42A3-9474-1A3956D46DE8}") = "IoC", "IoC", "{E004ADD6-48D6-46B1-8F10-3F6AEEBB0014}"
EndProject
Project("{FAE04EC0-301F-11D3-BF4B-00C04F79EFBC}") = "DependencyContainer", "DependencyContainer\DependencyContainer.csproj", "{5E734B51-8E0A-4980-8DDE-619E22C28730}"
EndProject
Global
	GlobalSection(SolutionConfigurationPlatforms) = preSolution
		Debug|Any CPU = Debug|Any CPU
		Release|Any CPU = Release|Any CPU
	EndGlobalSection
	GlobalSection(ProjectConfigurationPlatforms) = postSolution
		{7C64E5A7-024C-4BA6-A905-57E4AB4B6E70}.Debug|Any CPU.ActiveCfg = Debug|Any CPU
		{7C64E5A7-024C-4BA6-A905-57E4AB4B6E70}.Debug|Any CPU.Build.0 = Debug|Any CPU
		{7C64E5A7-024C-4BA6-A905-57E4AB4B6E70}.Release|Any CPU.ActiveCfg = Release|Any CPU
		{7C64E5A7-024C-4BA6-A905-57E4AB4B6E70}.Release|Any CPU.Build.0 = Release|Any CPU
		{EDD47BC7-04ED-4504-94CC-8884762EFE13}.Debug|Any CPU.ActiveCfg = Debug|Any CPU
		{EDD47BC7-04ED-4504-94CC-8884762EFE13}.Debug|Any CPU.Build.0 = Debug|Any CPU
		{EDD47BC7-04ED-4504-94CC-8884762EFE13}.Release|Any CPU.ActiveCfg = Release|Any CPU
		{EDD47BC7-04ED-4504-94CC-8884762EFE13}.Release|Any CPU.Build.0 = Release|Any CPU
		{112835D9-0FF0-4126-9490-0130759D85E7}.Debug|Any CPU.ActiveCfg = Debug|Any CPU
		{112835D9-0FF0-4126-9490-0130759D85E7}.Debug|Any CPU.Build.0 = Debug|Any CPU
		{112835D9-0FF0-4126-9490-0130759D85E7}.Release|Any CPU.ActiveCfg = Release|Any CPU
		{112835D9-0FF0-4126-9490-0130759D85E7}.Release|Any CPU.Build.0 = Release|Any CPU
		{8B6DB4AA-C274-41F2-8481-771A2AB7AAD2}.Debug|Any CPU.ActiveCfg = Debug|Any CPU
		{8B6DB4AA-C274-41F2-8481-771A2AB7AAD2}.Debug|Any CPU.Build.0 = Debug|Any CPU
		{8B6DB4AA-C274-41F2-8481-771A2AB7AAD2}.Release|Any CPU.ActiveCfg = Release|Any CPU
		{8B6DB4AA-C274-41F2-8481-771A2AB7AAD2}.Release|Any CPU.Build.0 = Release|Any CPU
		{EB20C56D-A44F-4B7C-B4B1-BA3DA787D4FC}.Debug|Any CPU.ActiveCfg = Debug|Any CPU
		{EB20C56D-A44F-4B7C-B4B1-BA3DA787D4FC}.Debug|Any CPU.Build.0 = Debug|Any CPU
		{EB20C56D-A44F-4B7C-B4B1-BA3DA787D4FC}.Release|Any CPU.ActiveCfg = Release|Any CPU
		{EB20C56D-A44F-4B7C-B4B1-BA3DA787D4FC}.Release|Any CPU.Build.0 = Release|Any CPU
		{E80D676E-58FB-4063-8B80-90C6E52911D4}.Debug|Any CPU.ActiveCfg = Debug|Any CPU
		{E80D676E-58FB-4063-8B80-90C6E52911D4}.Debug|Any CPU.Build.0 = Debug|Any CPU
		{E80D676E-58FB-4063-8B80-90C6E52911D4}.Release|Any CPU.ActiveCfg = Release|Any CPU
		{E80D676E-58FB-4063-8B80-90C6E52911D4}.Release|Any CPU.Build.0 = Release|Any CPU
		{59553FBF-92A7-4CBF-A60B-84846AC08A8C}.Debug|Any CPU.ActiveCfg = Debug|Any CPU
		{59553FBF-92A7-4CBF-A60B-84846AC08A8C}.Debug|Any CPU.Build.0 = Debug|Any CPU
		{59553FBF-92A7-4CBF-A60B-84846AC08A8C}.Release|Any CPU.ActiveCfg = Release|Any CPU
		{59553FBF-92A7-4CBF-A60B-84846AC08A8C}.Release|Any CPU.Build.0 = Release|Any CPU
		{9925D854-F8F5-484D-B61C-9E0A9703A4F4}.Debug|Any CPU.ActiveCfg = Debug|Any CPU
		{9925D854-F8F5-484D-B61C-9E0A9703A4F4}.Debug|Any CPU.Build.0 = Debug|Any CPU
		{9925D854-F8F5-484D-B61C-9E0A9703A4F4}.Release|Any CPU.ActiveCfg = Release|Any CPU
		{9925D854-F8F5-484D-B61C-9E0A9703A4F4}.Release|Any CPU.Build.0 = Release|Any CPU
		{A67786E7-7E88-4548-BCC3-6E895B120FC7}.Debug|Any CPU.ActiveCfg = Debug|Any CPU
		{A67786E7-7E88-4548-BCC3-6E895B120FC7}.Debug|Any CPU.Build.0 = Debug|Any CPU
		{A67786E7-7E88-4548-BCC3-6E895B120FC7}.Release|Any CPU.ActiveCfg = Release|Any CPU
		{A67786E7-7E88-4548-BCC3-6E895B120FC7}.Release|Any CPU.Build.0 = Release|Any CPU
		{6601CADD-9426-46CC-ACC9-FB3BB3A0C549}.Debug|Any CPU.ActiveCfg = Debug|Any CPU
		{6601CADD-9426-46CC-ACC9-FB3BB3A0C549}.Debug|Any CPU.Build.0 = Debug|Any CPU
		{6601CADD-9426-46CC-ACC9-FB3BB3A0C549}.Release|Any CPU.ActiveCfg = Release|Any CPU
		{6601CADD-9426-46CC-ACC9-FB3BB3A0C549}.Release|Any CPU.Build.0 = Release|Any CPU
		{4B402E3B-DA63-427F-9BE4-0188D76EE903}.Debug|Any CPU.ActiveCfg = Debug|Any CPU
		{4B402E3B-DA63-427F-9BE4-0188D76EE903}.Debug|Any CPU.Build.0 = Debug|Any CPU
		{4B402E3B-DA63-427F-9BE4-0188D76EE903}.Release|Any CPU.ActiveCfg = Release|Any CPU
		{4B402E3B-DA63-427F-9BE4-0188D76EE903}.Release|Any CPU.Build.0 = Release|Any CPU
		{91EBFF46-B522-4734-917A-E9DEB4C28A46}.Debug|Any CPU.ActiveCfg = Debug|Any CPU
		{91EBFF46-B522-4734-917A-E9DEB4C28A46}.Debug|Any CPU.Build.0 = Debug|Any CPU
		{91EBFF46-B522-4734-917A-E9DEB4C28A46}.Release|Any CPU.ActiveCfg = Release|Any CPU
		{91EBFF46-B522-4734-917A-E9DEB4C28A46}.Release|Any CPU.Build.0 = Release|Any CPU
		{6747ED1B-8286-4EE4-87C1-FA7271851A29}.Debug|Any CPU.ActiveCfg = Debug|Any CPU
		{6747ED1B-8286-4EE4-87C1-FA7271851A29}.Debug|Any CPU.Build.0 = Debug|Any CPU
		{6747ED1B-8286-4EE4-87C1-FA7271851A29}.Release|Any CPU.ActiveCfg = Release|Any CPU
		{6747ED1B-8286-4EE4-87C1-FA7271851A29}.Release|Any CPU.Build.0 = Release|Any CPU
		{1D85113F-AE5E-451B-B15C-B92E974A4921}.Debug|Any CPU.ActiveCfg = Debug|Any CPU
		{1D85113F-AE5E-451B-B15C-B92E974A4921}.Debug|Any CPU.Build.0 = Debug|Any CPU
		{1D85113F-AE5E-451B-B15C-B92E974A4921}.Release|Any CPU.ActiveCfg = Release|Any CPU
		{1D85113F-AE5E-451B-B15C-B92E974A4921}.Release|Any CPU.Build.0 = Release|Any CPU
		{5E734B51-8E0A-4980-8DDE-619E22C28730}.Debug|Any CPU.ActiveCfg = Debug|Any CPU
		{5E734B51-8E0A-4980-8DDE-619E22C28730}.Debug|Any CPU.Build.0 = Debug|Any CPU
		{5E734B51-8E0A-4980-8DDE-619E22C28730}.Release|Any CPU.ActiveCfg = Release|Any CPU
		{5E734B51-8E0A-4980-8DDE-619E22C28730}.Release|Any CPU.Build.0 = Release|Any CPU
	EndGlobalSection
	GlobalSection(SolutionProperties) = preSolution
		HideSolutionNode = FALSE
	EndGlobalSection
	GlobalSection(NestedProjects) = preSolution
		{7C64E5A7-024C-4BA6-A905-57E4AB4B6E70} = {6889DE50-C9A7-41E0-AD61-D9E47D98220B}
		{EDD47BC7-04ED-4504-94CC-8884762EFE13} = {02D97DCF-A527-4266-8A51-A26DCBEFAE77}
		{112835D9-0FF0-4126-9490-0130759D85E7} = {624FA4E5-A1C2-4F3C-8B08-25EAF9BA7404}
		{8B6DB4AA-C274-41F2-8481-771A2AB7AAD2} = {BCEA2C0C-E8DE-470F-BEDD-804CD43E919B}
		{EB20C56D-A44F-4B7C-B4B1-BA3DA787D4FC} = {DD19DEDE-DBB5-4ABD-AD1B-EF47312424D0}
		{E80D676E-58FB-4063-8B80-90C6E52911D4} = {DD19DEDE-DBB5-4ABD-AD1B-EF47312424D0}
		{02D97DCF-A527-4266-8A51-A26DCBEFAE77} = {DB8E696F-249F-42DC-961E-25B1533083DD}
		{DD19DEDE-DBB5-4ABD-AD1B-EF47312424D0} = {DB8E696F-249F-42DC-961E-25B1533083DD}
		{624FA4E5-A1C2-4F3C-8B08-25EAF9BA7404} = {DB8E696F-249F-42DC-961E-25B1533083DD}
		{BCEA2C0C-E8DE-470F-BEDD-804CD43E919B} = {F1E91A74-8279-4695-A037-FA9D41025768}
		{59553FBF-92A7-4CBF-A60B-84846AC08A8C} = {DD19DEDE-DBB5-4ABD-AD1B-EF47312424D0}
		{91884E09-60B9-4F66-8CB6-243AF3C20627} = {DD19DEDE-DBB5-4ABD-AD1B-EF47312424D0}
		{9925D854-F8F5-484D-B61C-9E0A9703A4F4} = {10CD80AC-F75A-4825-AB58-7C8D2CBE4FCC}
		{92E7B795-5B10-4394-88D6-D13DB10DDCE9} = {DB8E696F-249F-42DC-961E-25B1533083DD}
		{A67786E7-7E88-4548-BCC3-6E895B120FC7} = {92E7B795-5B10-4394-88D6-D13DB10DDCE9}
		{6601CADD-9426-46CC-ACC9-FB3BB3A0C549} = {DD19DEDE-DBB5-4ABD-AD1B-EF47312424D0}
		{83B31BE0-6E8C-4827-915B-B362BBEF87AF} = {DB8E696F-249F-42DC-961E-25B1533083DD}
		{4B402E3B-DA63-427F-9BE4-0188D76EE903} = {83B31BE0-6E8C-4827-915B-B362BBEF87AF}
		{F0AE4AF1-0E44-4CCD-AEE4-0CEAA2A41DB9} = {DB8E696F-249F-42DC-961E-25B1533083DD}
		{91EBFF46-B522-4734-917A-E9DEB4C28A46} = {F0AE4AF1-0E44-4CCD-AEE4-0CEAA2A41DB9}
		{6747ED1B-8286-4EE4-87C1-FA7271851A29} = {DD19DEDE-DBB5-4ABD-AD1B-EF47312424D0}
		{1D85113F-AE5E-451B-B15C-B92E974A4921} = {DD19DEDE-DBB5-4ABD-AD1B-EF47312424D0}
		{5E734B51-8E0A-4980-8DDE-619E22C28730} = {E004ADD6-48D6-46B1-8F10-3F6AEEBB0014}
	EndGlobalSection
	GlobalSection(ExtensibilityGlobals) = postSolution
		SolutionGuid = {11D1D1FA-8554-4FF9-A9AD-5DB8196F2CA6}
	EndGlobalSection
EndGlobal
