
Microsoft Visual Studio Solution File, Format Version 12.00
# Visual Studio 15
VisualStudioVersion = 15.0.26430.13
MinimumVisualStudioVersion = 10.0.40219.1
Project("{FAE04EC0-301F-11D3-BF4B-00C04F79EFBC}") = "HandoverManagerApp", "handovermgr\HandoverManagerApp.csproj", "{7C64E5A7-024C-4BA6-A905-57E4AB4B6E70}"
EndProject
Project("{2150E333-8FDC-42A3-9474-1A3956D46DE8}") = "HandoverAlgorithms", "HandoverAlgorithms", "{59269594-D7D7-4C57-A9C9-1D6CAF0A3576}"
EndProject
Project("{FAE04EC0-301F-11D3-BF4B-00C04F79EFBC}") = "HandoverAlgorithms", "HandoverAlgorithmBase\HandoverAlgorithms.csproj", "{EDD47BC7-04ED-4504-94CC-8884762EFE13}"
EndProject
Project("{2150E333-8FDC-42A3-9474-1A3956D46DE8}") = "RadioNetworks", "RadioNetworks", "{1603F975-37A9-40CE-B7AC-65AE9DE69298}"
EndProject
Project("{2150E333-8FDC-42A3-9474-1A3956D46DE8}") = "WPF Views", "WPF Views", "{CA2D2BF1-5288-4F4B-8BD2-28A9283781E4}"
EndProject
Project("{2150E333-8FDC-42A3-9474-1A3956D46DE8}") = "MathTools", "MathTools", "{71285BC7-35D7-43D0-9A78-86E3D21473F5}"
EndProject
Project("{FAE04EC0-301F-11D3-BF4B-00C04F79EFBC}") = "MathTools", "MathTools\MathTools.csproj", "{112835D9-0FF0-4126-9490-0130759D85E7}"
EndProject
Project("{FAE04EC0-301F-11D3-BF4B-00C04F79EFBC}") = "RadioNetworks", "RadioNetworks\RadioNetworks.csproj", "{8B6DB4AA-C274-41F2-8481-771A2AB7AAD2}"
EndProject
Project("{2150E333-8FDC-42A3-9474-1A3956D46DE8}") = "FuzzyLogicTools", "FuzzyLogicTools", "{D964B40D-A511-4A66-8454-E3F8DBC539B0}"
EndProject
Project("{FAE04EC0-301F-11D3-BF4B-00C04F79EFBC}") = "MamdaniFuzzySystem", "MamdaniFuzzySystem\MamdaniFuzzySystem.csproj", "{AC2B3EED-B928-4257-B297-7A9D4347D714}"
EndProject
Project("{2150E333-8FDC-42A3-9474-1A3956D46DE8}") = "Utils", "Utils", "{2E781533-9DCB-471A-9AAB-CBF4CFF55939}"
EndProject
Project("{FAE04EC0-301F-11D3-BF4B-00C04F79EFBC}") = "FileReaders", "FileReaders\FileReaders.csproj", "{EB20C56D-A44F-4B7C-B4B1-BA3DA787D4FC}"
EndProject
Project("{2150E333-8FDC-42A3-9474-1A3956D46DE8}") = "API", "API", "{043DAFE6-97DF-4713-BA6C-4E758ABB3024}"
EndProject
Project("{FAE04EC0-301F-11D3-BF4B-00C04F79EFBC}") = "Logger", "Logger\Logger.csproj", "{E80D676E-58FB-4063-8B80-90C6E52911D4}"
EndProject
Global
	GlobalSection(SolutionConfigurationPlatforms) = preSolution
		Debug|Any CPU = Debug|Any CPU
		Release|Any CPU = Release|Any CPU
	EndGlobalSection
	GlobalSection(ProjectConfigurationPlatforms) = postSolution
		{7C64E5A7-024C-4BA6-A905-57E4AB4B6E70}.Debug|Any CPU.ActiveCfg = Debug|Any CPU
		{7C64E5A7-024C-4BA6-A905-57E4AB4B6E70}.Debug|Any CPU.Build.0 = Debug|Any CPU
		{7C64E5A7-024C-4BA6-A905-57E4AB4B6E70}.Release|Any CPU.ActiveCfg = Release|Any CPU
		{7C64E5A7-024C-4BA6-A905-57E4AB4B6E70}.Release|Any CPU.Build.0 = Release|Any CPU
		{EDD47BC7-04ED-4504-94CC-8884762EFE13}.Debug|Any CPU.ActiveCfg = Debug|Any CPU
		{EDD47BC7-04ED-4504-94CC-8884762EFE13}.Debug|Any CPU.Build.0 = Debug|Any CPU
		{EDD47BC7-04ED-4504-94CC-8884762EFE13}.Release|Any CPU.ActiveCfg = Release|Any CPU
		{EDD47BC7-04ED-4504-94CC-8884762EFE13}.Release|Any CPU.Build.0 = Release|Any CPU
		{112835D9-0FF0-4126-9490-0130759D85E7}.Debug|Any CPU.ActiveCfg = Debug|Any CPU
		{112835D9-0FF0-4126-9490-0130759D85E7}.Debug|Any CPU.Build.0 = Debug|Any CPU
		{112835D9-0FF0-4126-9490-0130759D85E7}.Release|Any CPU.ActiveCfg = Release|Any CPU
		{112835D9-0FF0-4126-9490-0130759D85E7}.Release|Any CPU.Build.0 = Release|Any CPU
		{8B6DB4AA-C274-41F2-8481-771A2AB7AAD2}.Debug|Any CPU.ActiveCfg = Debug|Any CPU
		{8B6DB4AA-C274-41F2-8481-771A2AB7AAD2}.Debug|Any CPU.Build.0 = Debug|Any CPU
		{8B6DB4AA-C274-41F2-8481-771A2AB7AAD2}.Release|Any CPU.ActiveCfg = Release|Any CPU
		{8B6DB4AA-C274-41F2-8481-771A2AB7AAD2}.Release|Any CPU.Build.0 = Release|Any CPU
		{AC2B3EED-B928-4257-B297-7A9D4347D714}.Debug|Any CPU.ActiveCfg = Debug|Any CPU
		{AC2B3EED-B928-4257-B297-7A9D4347D714}.Debug|Any CPU.Build.0 = Debug|Any CPU
		{AC2B3EED-B928-4257-B297-7A9D4347D714}.Release|Any CPU.ActiveCfg = Release|Any CPU
		{AC2B3EED-B928-4257-B297-7A9D4347D714}.Release|Any CPU.Build.0 = Release|Any CPU
		{EB20C56D-A44F-4B7C-B4B1-BA3DA787D4FC}.Debug|Any CPU.ActiveCfg = Debug|Any CPU
		{EB20C56D-A44F-4B7C-B4B1-BA3DA787D4FC}.Debug|Any CPU.Build.0 = Debug|Any CPU
		{EB20C56D-A44F-4B7C-B4B1-BA3DA787D4FC}.Release|Any CPU.ActiveCfg = Release|Any CPU
		{EB20C56D-A44F-4B7C-B4B1-BA3DA787D4FC}.Release|Any CPU.Build.0 = Release|Any CPU
		{E80D676E-58FB-4063-8B80-90C6E52911D4}.Debug|Any CPU.ActiveCfg = Debug|Any CPU
		{E80D676E-58FB-4063-8B80-90C6E52911D4}.Debug|Any CPU.Build.0 = Debug|Any CPU
		{E80D676E-58FB-4063-8B80-90C6E52911D4}.Release|Any CPU.ActiveCfg = Release|Any CPU
		{E80D676E-58FB-4063-8B80-90C6E52911D4}.Release|Any CPU.Build.0 = Release|Any CPU
	EndGlobalSection
	GlobalSection(SolutionProperties) = preSolution
		HideSolutionNode = FALSE
	EndGlobalSection
	GlobalSection(NestedProjects) = preSolution
		{7C64E5A7-024C-4BA6-A905-57E4AB4B6E70} = {CA2D2BF1-5288-4F4B-8BD2-28A9283781E4}
		{EDD47BC7-04ED-4504-94CC-8884762EFE13} = {59269594-D7D7-4C57-A9C9-1D6CAF0A3576}
		{112835D9-0FF0-4126-9490-0130759D85E7} = {71285BC7-35D7-43D0-9A78-86E3D21473F5}
		{8B6DB4AA-C274-41F2-8481-771A2AB7AAD2} = {1603F975-37A9-40CE-B7AC-65AE9DE69298}
		{AC2B3EED-B928-4257-B297-7A9D4347D714} = {D964B40D-A511-4A66-8454-E3F8DBC539B0}
		{EB20C56D-A44F-4B7C-B4B1-BA3DA787D4FC} = {2E781533-9DCB-471A-9AAB-CBF4CFF55939}
		{E80D676E-58FB-4063-8B80-90C6E52911D4} = {043DAFE6-97DF-4713-BA6C-4E758ABB3024}
	EndGlobalSection
EndGlobal
